
Microsoft Visual Studio Solution File, Format Version 12.00
# Visual Studio Version 16
VisualStudioVersion = 16.0.30114.105
MinimumVisualStudioVersion = 10.0.40219.1
Project("{FAE04EC0-301F-11D3-BF4B-00C04F79EFBC}") = "graph-ql-api-demo", "api\graph-ql-api-demo.csproj", "{39457A3D-B5B6-432D-AF11-D515CDF606AD}"
EndProject
Project("{FAE04EC0-301F-11D3-BF4B-00C04F79EFBC}") = "client", "client\client.csproj", "{E464C203-5B03-4C0C-8E0C-AD60F98093E4}"
EndProject
Global
	GlobalSection(SolutionConfigurationPlatforms) = preSolution
		Debug|Any CPU = Debug|Any CPU
		Release|Any CPU = Release|Any CPU
	EndGlobalSection
	GlobalSection(SolutionProperties) = preSolution
		HideSolutionNode = FALSE
	EndGlobalSection
	GlobalSection(ProjectConfigurationPlatforms) = postSolution
		{39457A3D-B5B6-432D-AF11-D515CDF606AD}.Debug|Any CPU.ActiveCfg = Debug|Any CPU
		{39457A3D-B5B6-432D-AF11-D515CDF606AD}.Debug|Any CPU.Build.0 = Debug|Any CPU
		{39457A3D-B5B6-432D-AF11-D515CDF606AD}.Release|Any CPU.ActiveCfg = Release|Any CPU
		{39457A3D-B5B6-432D-AF11-D515CDF606AD}.Release|Any CPU.Build.0 = Release|Any CPU
		{E464C203-5B03-4C0C-8E0C-AD60F98093E4}.Debug|Any CPU.ActiveCfg = Debug|Any CPU
		{E464C203-5B03-4C0C-8E0C-AD60F98093E4}.Debug|Any CPU.Build.0 = Debug|Any CPU
		{E464C203-5B03-4C0C-8E0C-AD60F98093E4}.Release|Any CPU.ActiveCfg = Release|Any CPU
		{E464C203-5B03-4C0C-8E0C-AD60F98093E4}.Release|Any CPU.Build.0 = Release|Any CPU
	EndGlobalSection
EndGlobal
